PODS:
  - Alamofire (5.2.2)
  - GoneVisible (1.2.0)
  - MaterialComponents/Availability (119.3.0)
  - MaterialComponents/BottomSheet (119.3.0):
    - MaterialComponents/Elevation
    - MaterialComponents/private/KeyboardWatcher
    - MaterialComponents/private/Math
    - MaterialComponents/ShadowElevations
    - MaterialComponents/ShadowLayer
    - MaterialComponents/ShapeLibrary
    - MaterialComponents/Shapes
  - MaterialComponents/Elevation (119.3.0):
    - MaterialComponents/Availability
    - MaterialComponents/private/Color
    - MaterialComponents/private/Math
  - MaterialComponents/private/Application (119.3.0)
  - MaterialComponents/private/Color (119.3.0):
    - MaterialComponents/Availability
  - MaterialComponents/private/KeyboardWatcher (119.3.0):
    - MaterialComponents/private/Application
  - MaterialComponents/private/Math (119.3.0)
  - MaterialComponents/ShadowElevations (119.3.0)
  - MaterialComponents/ShadowLayer (119.3.0):
    - MaterialComponents/ShadowElevations
  - MaterialComponents/ShapeLibrary (119.3.0):
    - MaterialComponents/private/Math
    - MaterialComponents/Shapes
  - MaterialComponents/Shapes (119.3.0):
    - MaterialComponents/private/Color
    - MaterialComponents/private/Math
    - MaterialComponents/ShadowLayer
  - Realm (10.7.2):
    - Realm/Headers (= 10.7.2)
  - Realm/Headers (10.7.2)
  - RealmSwift (10.7.2):
    - Realm (= 10.7.2)
  - SideMenu (6.5.0)
  - Toast-Swift (5.0.1)

DEPENDENCIES:
  - Alamofire (~> 5.2.2)
  - GoneVisible
  - MaterialComponents/BottomSheet
  - RealmSwift
  - SideMenu
  - Toast-Swift

SPEC REPOS:
  trunk:
    - Alamofire
    - GoneVisible
    - MaterialComponents
    - Realm
    - RealmSwift
    - SideMenu
    - Toast-Swift

SPEC CHECKSUMS:
  Alamofire: 814429acc853c6c54ff123fc3d2ef66803823ce0
  GoneVisible: c552940cd9df7548427f6bffd000dcbcc6de187f
  MaterialComponents: 49658f0fd7ef6e098e9943fce3f293e700595570
  Realm: e523da9ade306c5ae87e85dc09fdef148d3e1cc1
  RealmSwift: 4f6758c3adbdcc87f7b7777107226532a077f61c
  SideMenu: f583187d21c5b1dd04c72002be544b555a2627a2
  Toast-Swift: 9b6a70f28b3bf0b96c40d46c0c4b9d6639846711

PODFILE CHECKSUM: 392854f334f859e8d106254f182708eb75cb62c8

COCOAPODS: 1.10.1
