// !$*UTF8*$!
{
	archiveVersion = 1;
	classes = {
	};
	objectVersion = 51;
	objects = {

/* Begin PBXBuildFile section */
		0E6215F72626B09800585932 /* PasswordInitViewController.swift in Sources */ = {isa = PBXBuildFile; fileRef = 0E6215F62626B09800585932 /* PasswordInitViewController.swift */; };
		0E6215FA2626BB6200585932 /* PasswordInitCompleteViewController.swift in Sources */ = {isa = PBXBuildFile; fileRef = 0E6215F92626BB6200585932 /* PasswordInitCompleteViewController.swift */; };
		0E815CE92626CFE0001FFD11 /* SettingViewController.swift in Sources */ = {isa = PBXBuildFile; fileRef = 0E815CE82626CFE0001FFD11 /* SettingViewController.swift */; };
		0E815CF52627E081001FFD11 /* PasswordChangeViewController.swift in Sources */ = {isa = PBXBuildFile; fileRef = 0E815CF42627E081001FFD11 /* PasswordChangeViewController.swift */; };
		C632A4EA2626702800DA604B /* LeftMenuViewController.swift in Sources */ = {isa = PBXBuildFile; fileRef = C632A4E92626702800DA604B /* LeftMenuViewController.swift */; };
		C632A4F12626826800DA604B /* ShadowButton.swift in Sources */ = {isa = PBXBuildFile; fileRef = C632A4F02626826800DA604B /* ShadowButton.swift */; };
		C632A5032626ED1800DA604B /* ChargerUseHistoryViewController.swift in Sources */ = {isa = PBXBuildFile; fileRef = C632A5022626ED1800DA604B /* ChargerUseHistoryViewController.swift */; };
		C632A5062626EDF500DA604B /* ChargerUseHistoryCell.swift in Sources */ = {isa = PBXBuildFile; fileRef = C632A5052626EDF500DA604B /* ChargerUseHistoryCell.swift */; };
		C63BCA2D26281413008BDBEE /* Utils.swift in Sources */ = {isa = PBXBuildFile; fileRef = C63BCA2C26281413008BDBEE /* Utils.swift */; };
		C63BCA3026281717008BDBEE /* AddressViewController.swift in Sources */ = {isa = PBXBuildFile; fileRef = C63BCA2F26281717008BDBEE /* AddressViewController.swift */; };
		C63BCA3326283BC0008BDBEE /* ElectronicWalletViewController.swift in Sources */ = {isa = PBXBuildFile; fileRef = C63BCA3226283BC0008BDBEE /* ElectronicWalletViewController.swift */; };
		C66090C8261AA4C6005F2518 /* AppDelegate.swift in Sources */ = {isa = PBXBuildFile; fileRef = C66090C7261AA4C6005F2518 /* AppDelegate.swift */; };
		C66090CA261AA4C6005F2518 /* SceneDelegate.swift in Sources */ = {isa = PBXBuildFile; fileRef = C66090C9261AA4C6005F2518 /* SceneDelegate.swift */; };
		C66090CF261AA4C6005F2518 /* Main.storyboard in Resources */ = {isa = PBXBuildFile; fileRef = C66090CD261AA4C6005F2518 /* Main.storyboard */; };
		C66090D1261AA4C7005F2518 /* Assets.xcassets in Resources */ = {isa = PBXBuildFile; fileRef = C66090D0261AA4C7005F2518 /* Assets.xcassets */; };
		C66090E1261AA9FD005F2518 /* Login.storyboard in Resources */ = {isa = PBXBuildFile; fileRef = C66090E0261AA9FD005F2518 /* Login.storyboard */; };
		C66090E4261AAEB2005F2518 /* LoginViewController.swift in Sources */ = {isa = PBXBuildFile; fileRef = C66090E3261AAEB2005F2518 /* LoginViewController.swift */; };
		C66090EB261AC706005F2518 /* MainViewController.swift in Sources */ = {isa = PBXBuildFile; fileRef = C66090EA261AC706005F2518 /* MainViewController.swift */; };
		C66090FE261B0398005F2518 /* JoinViewController.swift in Sources */ = {isa = PBXBuildFile; fileRef = C66090FD261B0398005F2518 /* JoinViewController.swift */; };
		C660910A261C4A39005F2518 /* Common.swift in Sources */ = {isa = PBXBuildFile; fileRef = C6609109261C4A39005F2518 /* Common.swift */; };
		C660915226201DC5005F2518 /* OpenGLES.framework in Frameworks */ = {isa = PBXBuildFile; fileRef = C660915126201DC5005F2518 /* OpenGLES.framework */; };
		C660915426201DCE005F2518 /* SystemConfiguration.framework in Frameworks */ = {isa = PBXBuildFile; fileRef = C660915326201DCE005F2518 /* SystemConfiguration.framework */; };
		C660915626201DD6005F2518 /* CoreLocation.framework in Frameworks */ = {isa = PBXBuildFile; fileRef = C660915526201DD6005F2518 /* CoreLocation.framework */; };
		C660915826201DE3005F2518 /* QuartzCore.framework in Frameworks */ = {isa = PBXBuildFile; fileRef = C660915726201DE3005F2518 /* QuartzCore.framework */; };
		C660915A26201DF0005F2518 /* libc++.tbd in Frameworks */ = {isa = PBXBuildFile; fileRef = C660915926201DF0005F2518 /* libc++.tbd */; };
		C660915D26201DFC005F2518 /* libxml2.tbd in Frameworks */ = {isa = PBXBuildFile; fileRef = C660915C26201DFC005F2518 /* libxml2.tbd */; };
		C660916026201E06005F2518 /* libsqlite3.tbd in Frameworks */ = {isa = PBXBuildFile; fileRef = C660915F26201E06005F2518 /* libsqlite3.tbd */; };
		C660922C2620349E005F2518 /* map_pinup_custom@3x.png in Resources */ = {isa = PBXBuildFile; fileRef = C66092072620349E005F2518 /* map_pinup_custom@3x.png */; };
		C660922D2620349E005F2518 /* map_pin_custom.png in Resources */ = {isa = PBXBuildFile; fileRef = C66092082620349E005F2518 /* map_pin_custom.png */; };
		C660922E2620349E005F2518 /* shadow_balloon.png in Resources */ = {isa = PBXBuildFile; fileRef = C66092092620349E005F2518 /* shadow_balloon.png */; };
		C660922F2620349E005F2518 /* map_pinup.png in Resources */ = {isa = PBXBuildFile; fileRef = C660920A2620349E005F2518 /* map_pinup.png */; };
		C66092302620349E005F2518 /* detail_button.png in Resources */ = {isa = PBXBuildFile; fileRef = C660920B2620349E005F2518 /* detail_button.png */; };
		C66092312620349E005F2518 /* map_pin_custom@3x.png in Resources */ = {isa = PBXBuildFile; fileRef = C660920C2620349E005F2518 /* map_pin_custom@3x.png */; };
		C66092322620349E005F2518 /* map_pinup@3x.png in Resources */ = {isa = PBXBuildFile; fileRef = C660920D2620349E005F2518 /* map_pinup@3x.png */; };
		C66092332620349E005F2518 /* map_pin_shadow@3x.png in Resources */ = {isa = PBXBuildFile; fileRef = C660920E2620349E005F2518 /* map_pin_shadow@3x.png */; };
		C66092342620349E005F2518 /* copyright.png in Resources */ = {isa = PBXBuildFile; fileRef = C660920F2620349E005F2518 /* copyright.png */; };
		C66092352620349E005F2518 /* th_line.png in Resources */ = {isa = PBXBuildFile; fileRef = C66092102620349E005F2518 /* th_line.png */; };
		C66092362620349E005F2518 /* map_pin_red@3x.png in Resources */ = {isa = PBXBuildFile; fileRef = C66092112620349E005F2518 /* map_pin_red@3x.png */; };
		C66092372620349E005F2518 /* daum_copyright.png in Resources */ = {isa = PBXBuildFile; fileRef = C66092122620349E005F2518 /* daum_copyright.png */; };
		C66092382620349E005F2518 /* map_pin@3x.png in Resources */ = {isa = PBXBuildFile; fileRef = C66092132620349E005F2518 /* map_pin@3x.png */; };
		C66092392620349E005F2518 /* map_present_tracking.png in Resources */ = {isa = PBXBuildFile; fileRef = C66092142620349E005F2518 /* map_present_tracking.png */; };
		C660923A2620349E005F2518 /* map_pin_red.png in Resources */ = {isa = PBXBuildFile; fileRef = C66092152620349E005F2518 /* map_pin_red.png */; };
		C660923B2620349E005F2518 /* info_box.png in Resources */ = {isa = PBXBuildFile; fileRef = C660921F2620349E005F2518 /* info_box.png */; };
		C660923C2620349E005F2518 /* point_sprite.png in Resources */ = {isa = PBXBuildFile; fileRef = C66092202620349E005F2518 /* point_sprite.png */; };
		C660923D2620349E005F2518 /* map_pinup_custom.png in Resources */ = {isa = PBXBuildFile; fileRef = C66092212620349E005F2518 /* map_pinup_custom.png */; };
		C660923E2620349E005F2518 /* info_box_tail.png in Resources */ = {isa = PBXBuildFile; fileRef = C66092222620349E005F2518 /* info_box_tail.png */; };
		C660923F2620349E005F2518 /* noimage256.png in Resources */ = {isa = PBXBuildFile; fileRef = C66092232620349E005F2518 /* noimage256.png */; };
		C66092402620349E005F2518 /* map_present_direction.png in Resources */ = {isa = PBXBuildFile; fileRef = C66092242620349E005F2518 /* map_present_direction.png */; };
		C66092412620349E005F2518 /* map_pin.png in Resources */ = {isa = PBXBuildFile; fileRef = C66092252620349E005F2518 /* map_pin.png */; };
		C66092422620349E005F2518 /* map_present.png in Resources */ = {isa = PBXBuildFile; fileRef = C66092262620349E005F2518 /* map_present.png */; };
		C66092432620349E005F2518 /* noimage.png in Resources */ = {isa = PBXBuildFile; fileRef = C66092272620349E005F2518 /* noimage.png */; };
		C66092442620349E005F2518 /* map_present_background_update.png in Resources */ = {isa = PBXBuildFile; fileRef = C66092282620349E005F2518 /* map_present_background_update.png */; };
		C66092452620349E005F2518 /* daum_th_line.png in Resources */ = {isa = PBXBuildFile; fileRef = C66092292620349E005F2518 /* daum_th_line.png */; };
		C66092462620349E005F2518 /* map_pin_shadow.png in Resources */ = {isa = PBXBuildFile; fileRef = C660922A2620349E005F2518 /* map_pin_shadow.png */; };
		C66092472620349F005F2518 /* DaumMap.framework in Frameworks */ = {isa = PBXBuildFile; fileRef = C660922B2620349E005F2518 /* DaumMap.framework */; };
		DC3DD612BA167EC7566C7643 /* Pods_SharingCharger_V2.framework in Frameworks */ = {isa = PBXBuildFile; fileRef = F35DED6EB496C57CB111200F /* Pods_SharingCharger_V2.framework */; };
/* End PBXBuildFile section */

/* Begin PBXFileReference section */
		0E6215F62626B09800585932 /* PasswordInitViewController.swift */ = {isa = PBXFileReference; lastKnownFileType = sourcecode.swift; path = PasswordInitViewController.swift; sourceTree = "<group>"; };
		0E6215F92626BB6200585932 /* PasswordInitCompleteViewController.swift */ = {isa = PBXFileReference; lastKnownFileType = sourcecode.swift; path = PasswordInitCompleteViewController.swift; sourceTree = "<group>"; };
		0E815CE82626CFE0001FFD11 /* SettingViewController.swift */ = {isa = PBXFileReference; lastKnownFileType = sourcecode.swift; path = SettingViewController.swift; sourceTree = "<group>"; };
		0E815CF42627E081001FFD11 /* PasswordChangeViewController.swift */ = {isa = PBXFileReference; lastKnownFileType = sourcecode.swift; path = PasswordChangeViewController.swift; sourceTree = "<group>"; };
		36DE4A3996AC4846ED649C69 /* Pods-SharingCharger_V2.release.xcconfig */ = {isa = PBXFileReference; includeInIndex = 1; lastKnownFileType = text.xcconfig; name = "Pods-SharingCharger_V2.release.xcconfig"; path = "Target Support Files/Pods-SharingCharger_V2/Pods-SharingCharger_V2.release.xcconfig"; sourceTree = "<group>"; };
		7FC2E17495C0C5FF867297F2 /* Pods-SharingCharger_V2.debug.xcconfig */ = {isa = PBXFileReference; includeInIndex = 1; lastKnownFileType = text.xcconfig; name = "Pods-SharingCharger_V2.debug.xcconfig"; path = "Target Support Files/Pods-SharingCharger_V2/Pods-SharingCharger_V2.debug.xcconfig"; sourceTree = "<group>"; };
		C632A4E92626702800DA604B /* LeftMenuViewController.swift */ = {isa = PBXFileReference; lastKnownFileType = sourcecode.swift; path = LeftMenuViewController.swift; sourceTree = "<group>"; };
		C632A4F02626826800DA604B /* ShadowButton.swift */ = {isa = PBXFileReference; lastKnownFileType = sourcecode.swift; path = ShadowButton.swift; sourceTree = "<group>"; };
		C632A5022626ED1800DA604B /* ChargerUseHistoryViewController.swift */ = {isa = PBXFileReference; lastKnownFileType = sourcecode.swift; path = ChargerUseHistoryViewController.swift; sourceTree = "<group>"; };
		C632A5052626EDF500DA604B /* ChargerUseHistoryCell.swift */ = {isa = PBXFileReference; lastKnownFileType = sourcecode.swift; path = ChargerUseHistoryCell.swift; sourceTree = "<group>"; };
		C63BCA2C26281413008BDBEE /* Utils.swift */ = {isa = PBXFileReference; lastKnownFileType = sourcecode.swift; path = Utils.swift; sourceTree = "<group>"; };
		C63BCA2F26281717008BDBEE /* AddressViewController.swift */ = {isa = PBXFileReference; lastKnownFileType = sourcecode.swift; path = AddressViewController.swift; sourceTree = "<group>"; };
		C63BCA3226283BC0008BDBEE /* ElectronicWalletViewController.swift */ = {isa = PBXFileReference; lastKnownFileType = sourcecode.swift; path = ElectronicWalletViewController.swift; sourceTree = "<group>"; };
		C66090C4261AA4C6005F2518 /* SharingCharger_V2.app */ = {isa = PBXFileReference; explicitFileType = wrapper.application; includeInIndex = 0; path = SharingCharger_V2.app; sourceTree = BUILT_PRODUCTS_DIR; };
		C66090C7261AA4C6005F2518 /* AppDelegate.swift */ = {isa = PBXFileReference; lastKnownFileType = sourcecode.swift; path = AppDelegate.swift; sourceTree = "<group>"; };
		C66090C9261AA4C6005F2518 /* SceneDelegate.swift */ = {isa = PBXFileReference; lastKnownFileType = sourcecode.swift; path = SceneDelegate.swift; sourceTree = "<group>"; };
		C66090CE261AA4C6005F2518 /* Base */ = {isa = PBXFileReference; lastKnownFileType = file.storyboard; name = Base; path = Base.lproj/Main.storyboard; sourceTree = "<group>"; };
		C66090D0261AA4C7005F2518 /* Assets.xcassets */ = {isa = PBXFileReference; lastKnownFileType = folder.assetcatalog; path = Assets.xcassets; sourceTree = "<group>"; };
		C66090D5261AA4C7005F2518 /* Info.plist */ = {isa = PBXFileReference; lastKnownFileType = text.plist.xml; path = Info.plist; sourceTree = "<group>"; };
		C66090E0261AA9FD005F2518 /* Login.storyboard */ = {isa = PBXFileReference; lastKnownFileType = file.storyboard; path = Login.storyboard; sourceTree = "<group>"; };
		C66090E3261AAEB2005F2518 /* LoginViewController.swift */ = {isa = PBXFileReference; lastKnownFileType = sourcecode.swift; path = LoginViewController.swift; sourceTree = "<group>"; };
		C66090EA261AC706005F2518 /* MainViewController.swift */ = {isa = PBXFileReference; lastKnownFileType = sourcecode.swift; path = MainViewController.swift; sourceTree = "<group>"; };
		C66090FD261B0398005F2518 /* JoinViewController.swift */ = {isa = PBXFileReference; lastKnownFileType = sourcecode.swift; path = JoinViewController.swift; sourceTree = "<group>"; };
		C6609109261C4A39005F2518 /* Common.swift */ = {isa = PBXFileReference; lastKnownFileType = sourcecode.swift; path = Common.swift; sourceTree = "<group>"; };
		C660915126201DC5005F2518 /* OpenGLES.framework */ = {isa = PBXFileReference; lastKnownFileType = wrapper.framework; name = OpenGLES.framework; path = System/Library/Frameworks/OpenGLES.framework; sourceTree = SDKROOT; };
		C660915326201DCE005F2518 /* SystemConfiguration.framework */ = {isa = PBXFileReference; lastKnownFileType = wrapper.framework; name = SystemConfiguration.framework; path = System/Library/Frameworks/SystemConfiguration.framework; sourceTree = SDKROOT; };
		C660915526201DD6005F2518 /* CoreLocation.framework */ = {isa = PBXFileReference; lastKnownFileType = wrapper.framework; name = CoreLocation.framework; path = System/Library/Frameworks/CoreLocation.framework; sourceTree = SDKROOT; };
		C660915726201DE3005F2518 /* QuartzCore.framework */ = {isa = PBXFileReference; lastKnownFileType = wrapper.framework; name = QuartzCore.framework; path = System/Library/Frameworks/QuartzCore.framework; sourceTree = SDKROOT; };
		C660915926201DF0005F2518 /* libc++.tbd */ = {isa = PBXFileReference; lastKnownFileType = "sourcecode.text-based-dylib-definition"; name = "libc++.tbd"; path = "usr/lib/libc++.tbd"; sourceTree = SDKROOT; };
		C660915C26201DFC005F2518 /* libxml2.tbd */ = {isa = PBXFileReference; lastKnownFileType = "sourcecode.text-based-dylib-definition"; name = libxml2.tbd; path = usr/lib/libxml2.tbd; sourceTree = SDKROOT; };
		C660915F26201E06005F2518 /* libsqlite3.tbd */ = {isa = PBXFileReference; lastKnownFileType = "sourcecode.text-based-dylib-definition"; name = libsqlite3.tbd; path = usr/lib/libsqlite3.tbd; sourceTree = SDKROOT; };
		C6609186262031FB005F2518 /* KakaoMapBridgingHeader.h */ = {isa = PBXFileReference; lastKnownFileType = sourcecode.c.h; path = KakaoMapBridgingHeader.h; sourceTree = "<group>"; };
		C66092072620349E005F2518 /* map_pinup_custom@3x.png */ = {isa = PBXFileReference; lastKnownFileType = image.png; path = "map_pinup_custom@3x.png"; sourceTree = "<group>"; };
		C66092082620349E005F2518 /* map_pin_custom.png */ = {isa = PBXFileReference; lastKnownFileType = image.png; path = map_pin_custom.png; sourceTree = "<group>"; };
		C66092092620349E005F2518 /* shadow_balloon.png */ = {isa = PBXFileReference; lastKnownFileType = image.png; path = shadow_balloon.png; sourceTree = "<group>"; };
		C660920A2620349E005F2518 /* map_pinup.png */ = {isa = PBXFileReference; lastKnownFileType = image.png; path = map_pinup.png; sourceTree = "<group>"; };
		C660920B2620349E005F2518 /* detail_button.png */ = {isa = PBXFileReference; lastKnownFileType = image.png; path = detail_button.png; sourceTree = "<group>"; };
		C660920C2620349E005F2518 /* map_pin_custom@3x.png */ = {isa = PBXFileReference; lastKnownFileType = image.png; path = "map_pin_custom@3x.png"; sourceTree = "<group>"; };
		C660920D2620349E005F2518 /* map_pinup@3x.png */ = {isa = PBXFileReference; lastKnownFileType = image.png; path = "map_pinup@3x.png"; sourceTree = "<group>"; };
		C660920E2620349E005F2518 /* map_pin_shadow@3x.png */ = {isa = PBXFileReference; lastKnownFileType = image.png; path = "map_pin_shadow@3x.png"; sourceTree = "<group>"; };
		C660920F2620349E005F2518 /* copyright.png */ = {isa = PBXFileReference; lastKnownFileType = image.png; path = copyright.png; sourceTree = "<group>"; };
		C66092102620349E005F2518 /* th_line.png */ = {isa = PBXFileReference; lastKnownFileType = image.png; path = th_line.png; sourceTree = "<group>"; };
		C66092112620349E005F2518 /* map_pin_red@3x.png */ = {isa = PBXFileReference; lastKnownFileType = image.png; path = "map_pin_red@3x.png"; sourceTree = "<group>"; };
		C66092122620349E005F2518 /* daum_copyright.png */ = {isa = PBXFileReference; lastKnownFileType = image.png; path = daum_copyright.png; sourceTree = "<group>"; };
		C66092132620349E005F2518 /* map_pin@3x.png */ = {isa = PBXFileReference; lastKnownFileType = image.png; path = "map_pin@3x.png"; sourceTree = "<group>"; };
		C66092142620349E005F2518 /* map_present_tracking.png */ = {isa = PBXFileReference; lastKnownFileType = image.png; path = map_present_tracking.png; sourceTree = "<group>"; };
		C66092152620349E005F2518 /* map_pin_red.png */ = {isa = PBXFileReference; lastKnownFileType = image.png; path = map_pin_red.png; sourceTree = "<group>"; };
		C66092172620349E005F2518 /* MTMapPOIItem.h */ = {isa = PBXFileReference; fileEncoding = 4; lastKnownFileType = sourcecode.c.h; path = MTMapPOIItem.h; sourceTree = "<group>"; };
		C66092182620349E005F2518 /* MTMapCameraUpdate.h */ = {isa = PBXFileReference; fileEncoding = 4; lastKnownFileType = sourcecode.c.h; path = MTMapCameraUpdate.h; sourceTree = "<group>"; };
		C66092192620349E005F2518 /* MTMapReverseGeoCoder.h */ = {isa = PBXFileReference; fileEncoding = 4; lastKnownFileType = sourcecode.c.h; path = MTMapReverseGeoCoder.h; sourceTree = "<group>"; };
		C660921A2620349E005F2518 /* MTMapPolyline.h */ = {isa = PBXFileReference; fileEncoding = 4; lastKnownFileType = sourcecode.c.h; path = MTMapPolyline.h; sourceTree = "<group>"; };
		C660921B2620349E005F2518 /* MTMapLocationMarkerItem.h */ = {isa = PBXFileReference; fileEncoding = 4; lastKnownFileType = sourcecode.c.h; path = MTMapLocationMarkerItem.h; sourceTree = "<group>"; };
		C660921C2620349E005F2518 /* MTMapView.h */ = {isa = PBXFileReference; fileEncoding = 4; lastKnownFileType = sourcecode.c.h; path = MTMapView.h; sourceTree = "<group>"; };
		C660921D2620349E005F2518 /* MTMapGeometry.h */ = {isa = PBXFileReference; fileEncoding = 4; lastKnownFileType = sourcecode.c.h; path = MTMapGeometry.h; sourceTree = "<group>"; };
		C660921E2620349E005F2518 /* MTMapCircle.h */ = {isa = PBXFileReference; fileEncoding = 4; lastKnownFileType = sourcecode.c.h; path = MTMapCircle.h; sourceTree = "<group>"; };
		C660921F2620349E005F2518 /* info_box.png */ = {isa = PBXFileReference; lastKnownFileType = image.png; path = info_box.png; sourceTree = "<group>"; };
		C66092202620349E005F2518 /* point_sprite.png */ = {isa = PBXFileReference; lastKnownFileType = image.png; path = point_sprite.png; sourceTree = "<group>"; };
		C66092212620349E005F2518 /* map_pinup_custom.png */ = {isa = PBXFileReference; lastKnownFileType = image.png; path = map_pinup_custom.png; sourceTree = "<group>"; };
		C66092222620349E005F2518 /* info_box_tail.png */ = {isa = PBXFileReference; lastKnownFileType = image.png; path = info_box_tail.png; sourceTree = "<group>"; };
		C66092232620349E005F2518 /* noimage256.png */ = {isa = PBXFileReference; lastKnownFileType = image.png; path = noimage256.png; sourceTree = "<group>"; };
		C66092242620349E005F2518 /* map_present_direction.png */ = {isa = PBXFileReference; lastKnownFileType = image.png; path = map_present_direction.png; sourceTree = "<group>"; };
		C66092252620349E005F2518 /* map_pin.png */ = {isa = PBXFileReference; lastKnownFileType = image.png; path = map_pin.png; sourceTree = "<group>"; };
		C66092262620349E005F2518 /* map_present.png */ = {isa = PBXFileReference; lastKnownFileType = image.png; path = map_present.png; sourceTree = "<group>"; };
		C66092272620349E005F2518 /* noimage.png */ = {isa = PBXFileReference; lastKnownFileType = image.png; path = noimage.png; sourceTree = "<group>"; };
		C66092282620349E005F2518 /* map_present_background_update.png */ = {isa = PBXFileReference; lastKnownFileType = image.png; path = map_present_background_update.png; sourceTree = "<group>"; };
		C66092292620349E005F2518 /* daum_th_line.png */ = {isa = PBXFileReference; lastKnownFileType = image.png; path = daum_th_line.png; sourceTree = "<group>"; };
		C660922A2620349E005F2518 /* map_pin_shadow.png */ = {isa = PBXFileReference; lastKnownFileType = image.png; path = map_pin_shadow.png; sourceTree = "<group>"; };
		C660922B2620349E005F2518 /* DaumMap.framework */ = {isa = PBXFileReference; lastKnownFileType = wrapper.framework; path = DaumMap.framework; sourceTree = "<group>"; };
		F35DED6EB496C57CB111200F /* Pods_SharingCharger_V2.framework */ = {isa = PBXFileReference; explicitFileType = wrapper.framework; includeInIndex = 0; path = Pods_SharingCharger_V2.framework; sourceTree = BUILT_PRODUCTS_DIR; };
/* End PBXFileReference section */

/* Begin PBXFrameworksBuildPhase section */
		C66090C1261AA4C6005F2518 /* Frameworks */ = {
			isa = PBXFrameworksBuildPhase;
			buildActionMask = 2147483647;
			files = (
				C660916026201E06005F2518 /* libsqlite3.tbd in Frameworks */,
				C660915D26201DFC005F2518 /* libxml2.tbd in Frameworks */,
				C660915A26201DF0005F2518 /* libc++.tbd in Frameworks */,
				C660915826201DE3005F2518 /* QuartzCore.framework in Frameworks */,
				C660915626201DD6005F2518 /* CoreLocation.framework in Frameworks */,
				C660915426201DCE005F2518 /* SystemConfiguration.framework in Frameworks */,
				C660915226201DC5005F2518 /* OpenGLES.framework in Frameworks */,
				C66092472620349F005F2518 /* DaumMap.framework in Frameworks */,
				DC3DD612BA167EC7566C7643 /* Pods_SharingCharger_V2.framework in Frameworks */,
			);
			runOnlyForDeploymentPostprocessing = 0;
		};
/* End PBXFrameworksBuildPhase section */

/* Begin PBXGroup section */
		5D2ECA70385F8CB683DE47C4 /* Frameworks */ = {
			isa = PBXGroup;
			children = (
				C660915F26201E06005F2518 /* libsqlite3.tbd */,
				C660915C26201DFC005F2518 /* libxml2.tbd */,
				C660915926201DF0005F2518 /* libc++.tbd */,
				C660915726201DE3005F2518 /* QuartzCore.framework */,
				C660915526201DD6005F2518 /* CoreLocation.framework */,
				C660915326201DCE005F2518 /* SystemConfiguration.framework */,
				C660915126201DC5005F2518 /* OpenGLES.framework */,
				F35DED6EB496C57CB111200F /* Pods_SharingCharger_V2.framework */,
			);
			name = Frameworks;
			sourceTree = "<group>";
		};
		87FF574D2ADD9AA92B44E366 /* Pods */ = {
			isa = PBXGroup;
			children = (
				7FC2E17495C0C5FF867297F2 /* Pods-SharingCharger_V2.debug.xcconfig */,
				36DE4A3996AC4846ED649C69 /* Pods-SharingCharger_V2.release.xcconfig */,
			);
			path = Pods;
			sourceTree = "<group>";
		};
		C632A4EF2626824000DA604B /* Util */ = {
			isa = PBXGroup;
			children = (
				C632A4F02626826800DA604B /* ShadowButton.swift */,
				C63BCA2C26281413008BDBEE /* Utils.swift */,
			);
			path = Util;
			sourceTree = "<group>";
		};
		C632A5002626EABB00DA604B /* Cell */ = {
			isa = PBXGroup;
			children = (
				C632A5052626EDF500DA604B /* ChargerUseHistoryCell.swift */,
			);
			path = Cell;
			sourceTree = "<group>";
		};
		C66090BB261AA4C6005F2518 = {
			isa = PBXGroup;
			children = (
				C66090C5261AA4C6005F2518 /* Products */,
				C66090C6261AA4C6005F2518 /* SharingCharger_V2 */,
				87FF574D2ADD9AA92B44E366 /* Pods */,
				5D2ECA70385F8CB683DE47C4 /* Frameworks */,
			);
			sourceTree = "<group>";
		};
		C66090C5261AA4C6005F2518 /* Products */ = {
			isa = PBXGroup;
			children = (
				C66090C4261AA4C6005F2518 /* SharingCharger_V2.app */,
			);
			name = Products;
			sourceTree = "<group>";
		};
		C66090C6261AA4C6005F2518 /* SharingCharger_V2 */ = {
			isa = PBXGroup;
			children = (
				C660920426203472005F2518 /* Library */,
				C66090DD261AA8E3005F2518 /* ViewController */,
				C66090DC261AA8D2005F2518 /* Storyboard */,
				C66090C7261AA4C6005F2518 /* AppDelegate.swift */,
				C66090C9261AA4C6005F2518 /* SceneDelegate.swift */,
				C66090D0261AA4C7005F2518 /* Assets.xcassets */,
				C66090D5261AA4C7005F2518 /* Info.plist */,
				C6609186262031FB005F2518 /* KakaoMapBridgingHeader.h */,
			);
			path = SharingCharger_V2;
			sourceTree = "<group>";
		};
		C66090DC261AA8D2005F2518 /* Storyboard */ = {
			isa = PBXGroup;
			children = (
				C66090CD261AA4C6005F2518 /* Main.storyboard */,
				C66090E0261AA9FD005F2518 /* Login.storyboard */,
			);
			path = Storyboard;
			sourceTree = "<group>";
		};
		C66090DD261AA8E3005F2518 /* ViewController */ = {
			isa = PBXGroup;
			children = (
				C632A4EF2626824000DA604B /* Util */,
				C66090E8261AC62A005F2518 /* MainStoryBoardViewController */,
				C66090E7261AC610005F2518 /* LoginStoryBoardViewController */,
				C6609109261C4A39005F2518 /* Common.swift */,
			);
			path = ViewController;
			sourceTree = "<group>";
		};
		C66090E7261AC610005F2518 /* LoginStoryBoardViewController */ = {
			isa = PBXGroup;
			children = (
				C66090E3261AAEB2005F2518 /* LoginViewController.swift */,
				C66090FD261B0398005F2518 /* JoinViewController.swift */,
				0E6215F62626B09800585932 /* PasswordInitViewController.swift */,
				0E6215F92626BB6200585932 /* PasswordInitCompleteViewController.swift */,
			);
			path = LoginStoryBoardViewController;
			sourceTree = "<group>";
		};
		C66090E8261AC62A005F2518 /* MainStoryBoardViewController */ = {
			isa = PBXGroup;
			children = (
				C632A5002626EABB00DA604B /* Cell */,
				C66090EA261AC706005F2518 /* MainViewController.swift */,
				C632A4E92626702800DA604B /* LeftMenuViewController.swift */,
				0E815CE82626CFE0001FFD11 /* SettingViewController.swift */,
				0E815CF42627E081001FFD11 /* PasswordChangeViewController.swift */,
				C632A5022626ED1800DA604B /* ChargerUseHistoryViewController.swift */,
				C63BCA2F26281717008BDBEE /* AddressViewController.swift */,
				C63BCA3226283BC0008BDBEE /* ElectronicWalletViewController.swift */,
			);
			path = MainStoryBoardViewController;
			sourceTree = "<group>";
		};
		C660920426203472005F2518 /* Library */ = {
			isa = PBXGroup;
			children = (
				C66092052620349E005F2518 /* DaumMap.embeddedframework */,
			);
			path = Library;
			sourceTree = "<group>";
		};
		C66092052620349E005F2518 /* DaumMap.embeddedframework */ = {
			isa = PBXGroup;
			children = (
				C66092062620349E005F2518 /* Resources */,
				C660922B2620349E005F2518 /* DaumMap.framework */,
			);
			path = DaumMap.embeddedframework;
			sourceTree = "<group>";
		};
		C66092062620349E005F2518 /* Resources */ = {
			isa = PBXGroup;
			children = (
				C66092072620349E005F2518 /* map_pinup_custom@3x.png */,
				C66092082620349E005F2518 /* map_pin_custom.png */,
				C66092092620349E005F2518 /* shadow_balloon.png */,
				C660920A2620349E005F2518 /* map_pinup.png */,
				C660920B2620349E005F2518 /* detail_button.png */,
				C660920C2620349E005F2518 /* map_pin_custom@3x.png */,
				C660920D2620349E005F2518 /* map_pinup@3x.png */,
				C660920E2620349E005F2518 /* map_pin_shadow@3x.png */,
				C660920F2620349E005F2518 /* copyright.png */,
				C66092102620349E005F2518 /* th_line.png */,
				C66092112620349E005F2518 /* map_pin_red@3x.png */,
				C66092122620349E005F2518 /* daum_copyright.png */,
				C66092132620349E005F2518 /* map_pin@3x.png */,
				C66092142620349E005F2518 /* map_present_tracking.png */,
				C66092152620349E005F2518 /* map_pin_red.png */,
				C66092162620349E005F2518 /* Headers */,
				C660921F2620349E005F2518 /* info_box.png */,
				C66092202620349E005F2518 /* point_sprite.png */,
				C66092212620349E005F2518 /* map_pinup_custom.png */,
				C66092222620349E005F2518 /* info_box_tail.png */,
				C66092232620349E005F2518 /* noimage256.png */,
				C66092242620349E005F2518 /* map_present_direction.png */,
				C66092252620349E005F2518 /* map_pin.png */,
				C66092262620349E005F2518 /* map_present.png */,
				C66092272620349E005F2518 /* noimage.png */,
				C66092282620349E005F2518 /* map_present_background_update.png */,
				C66092292620349E005F2518 /* daum_th_line.png */,
				C660922A2620349E005F2518 /* map_pin_shadow.png */,
			);
			path = Resources;
			sourceTree = "<group>";
		};
		C66092162620349E005F2518 /* Headers */ = {
			isa = PBXGroup;
			children = (
				C66092172620349E005F2518 /* MTMapPOIItem.h */,
				C66092182620349E005F2518 /* MTMapCameraUpdate.h */,
				C66092192620349E005F2518 /* MTMapReverseGeoCoder.h */,
				C660921A2620349E005F2518 /* MTMapPolyline.h */,
				C660921B2620349E005F2518 /* MTMapLocationMarkerItem.h */,
				C660921C2620349E005F2518 /* MTMapView.h */,
				C660921D2620349E005F2518 /* MTMapGeometry.h */,
				C660921E2620349E005F2518 /* MTMapCircle.h */,
			);
			path = Headers;
			sourceTree = "<group>";
		};
/* End PBXGroup section */

/* Begin PBXNativeTarget section */
		C66090C3261AA4C6005F2518 /* SharingCharger_V2 */ = {
			isa = PBXNativeTarget;
			buildConfigurationList = C66090D8261AA4C7005F2518 /* Build configuration list for PBXNativeTarget "SharingCharger_V2" */;
			buildPhases = (
				09C5207BE60986B5833DB7EA /* [CP] Check Pods Manifest.lock */,
				C66090C0261AA4C6005F2518 /* Sources */,
				C66090C1261AA4C6005F2518 /* Frameworks */,
				C66090C2261AA4C6005F2518 /* Resources */,
				E7B21CA8C5D23AE95FA2E9EA /* [CP] Embed Pods Frameworks */,
			);
			buildRules = (
			);
			dependencies = (
			);
			name = SharingCharger_V2;
			productName = SharingCharger_V2;
			productReference = C66090C4261AA4C6005F2518 /* SharingCharger_V2.app */;
			productType = "com.apple.product-type.application";
		};
/* End PBXNativeTarget section */

/* Begin PBXProject section */
		C66090BC261AA4C6005F2518 /* Project object */ = {
			isa = PBXProject;
			attributes = {
				LastSwiftUpdateCheck = 1240;
				LastUpgradeCheck = 1240;
				TargetAttributes = {
					C66090C3261AA4C6005F2518 = {
						CreatedOnToolsVersion = 12.4;
					};
				};
			};
			buildConfigurationList = C66090BF261AA4C6005F2518 /* Build configuration list for PBXProject "SharingCharger_V2" */;
			compatibilityVersion = "Xcode 9.3";
			developmentRegion = en;
			hasScannedForEncodings = 0;
			knownRegions = (
				en,
				Base,
			);
			mainGroup = C66090BB261AA4C6005F2518;
			productRefGroup = C66090C5261AA4C6005F2518 /* Products */;
			projectDirPath = "";
			projectRoot = "";
			targets = (
				C66090C3261AA4C6005F2518 /* SharingCharger_V2 */,
			);
		};
/* End PBXProject section */

/* Begin PBXResourcesBuildPhase section */
		C66090C2261AA4C6005F2518 /* Resources */ = {
			isa = PBXResourcesBuildPhase;
			buildActionMask = 2147483647;
			files = (
				C660922E2620349E005F2518 /* shadow_balloon.png in Resources */,
				C66092342620349E005F2518 /* copyright.png in Resources */,
				C66092422620349E005F2518 /* map_present.png in Resources */,
				C660923A2620349E005F2518 /* map_pin_red.png in Resources */,
				C66092462620349E005F2518 /* map_pin_shadow.png in Resources */,
				C660922F2620349E005F2518 /* map_pinup.png in Resources */,
				C66092362620349E005F2518 /* map_pin_red@3x.png in Resources */,
				C66092372620349E005F2518 /* daum_copyright.png in Resources */,
				C66092392620349E005F2518 /* map_present_tracking.png in Resources */,
				C66092452620349E005F2518 /* daum_th_line.png in Resources */,
				C66092382620349E005F2518 /* map_pin@3x.png in Resources */,
				C66090E1261AA9FD005F2518 /* Login.storyboard in Resources */,
				C66092302620349E005F2518 /* detail_button.png in Resources */,
				C66092352620349E005F2518 /* th_line.png in Resources */,
				C66092442620349E005F2518 /* map_present_background_update.png in Resources */,
				C660923B2620349E005F2518 /* info_box.png in Resources */,
				C660923D2620349E005F2518 /* map_pinup_custom.png in Resources */,
				C66092432620349E005F2518 /* noimage.png in Resources */,
				C660923E2620349E005F2518 /* info_box_tail.png in Resources */,
				C66092402620349E005F2518 /* map_present_direction.png in Resources */,
				C66090D1261AA4C7005F2518 /* Assets.xcassets in Resources */,
				C66090CF261AA4C6005F2518 /* Main.storyboard in Resources */,
				C66092412620349E005F2518 /* map_pin.png in Resources */,
				C66092322620349E005F2518 /* map_pinup@3x.png in Resources */,
				C66092332620349E005F2518 /* map_pin_shadow@3x.png in Resources */,
				C66092312620349E005F2518 /* map_pin_custom@3x.png in Resources */,
				C660922C2620349E005F2518 /* map_pinup_custom@3x.png in Resources */,
				C660922D2620349E005F2518 /* map_pin_custom.png in Resources */,
				C660923F2620349E005F2518 /* noimage256.png in Resources */,
				C660923C2620349E005F2518 /* point_sprite.png in Resources */,
			);
			runOnlyForDeploymentPostprocessing = 0;
		};
/* End PBXResourcesBuildPhase section */

/* Begin PBXShellScriptBuildPhase section */
		09C5207BE60986B5833DB7EA /* [CP] Check Pods Manifest.lock */ = {
			isa = PBXShellScriptBuildPhase;
			buildActionMask = 2147483647;
			files = (
			);
			inputFileListPaths = (
			);
			inputPaths = (
				"${PODS_PODFILE_DIR_PATH}/Podfile.lock",
				"${PODS_ROOT}/Manifest.lock",
			);
			name = "[CP] Check Pods Manifest.lock";
			outputFileListPaths = (
			);
			outputPaths = (
				"$(DERIVED_FILE_DIR)/Pods-SharingCharger_V2-checkManifestLockResult.txt",
			);
			runOnlyForDeploymentPostprocessing = 0;
			shellPath = /bin/sh;
			shellScript = "diff \"${PODS_PODFILE_DIR_PATH}/Podfile.lock\" \"${PODS_ROOT}/Manifest.lock\" > /dev/null\nif [ $? != 0 ] ; then\n    # print error to STDERR\n    echo \"error: The sandbox is not in sync with the Podfile.lock. Run 'pod install' or update your CocoaPods installation.\" >&2\n    exit 1\nfi\n# This output is used by Xcode 'outputs' to avoid re-running this script phase.\necho \"SUCCESS\" > \"${SCRIPT_OUTPUT_FILE_0}\"\n";
			showEnvVarsInLog = 0;
		};
		E7B21CA8C5D23AE95FA2E9EA /* [CP] Embed Pods Frameworks */ = {
			isa = PBXShellScriptBuildPhase;
			buildActionMask = 2147483647;
			files = (
			);
			inputFileListPaths = (
				"${PODS_ROOT}/Target Support Files/Pods-SharingCharger_V2/Pods-SharingCharger_V2-frameworks-${CONFIGURATION}-input-files.xcfilelist",
			);
			name = "[CP] Embed Pods Frameworks";
			outputFileListPaths = (
				"${PODS_ROOT}/Target Support Files/Pods-SharingCharger_V2/Pods-SharingCharger_V2-frameworks-${CONFIGURATION}-output-files.xcfilelist",
			);
			runOnlyForDeploymentPostprocessing = 0;
			shellPath = /bin/sh;
			shellScript = "\"${PODS_ROOT}/Target Support Files/Pods-SharingCharger_V2/Pods-SharingCharger_V2-frameworks.sh\"\n";
			showEnvVarsInLog = 0;
		};
/* End PBXShellScriptBuildPhase section */

/* Begin PBXSourcesBuildPhase section */
		C66090C0261AA4C6005F2518 /* Sources */ = {
			isa = PBXSourcesBuildPhase;
			buildActionMask = 2147483647;
			files = (
				C66090E4261AAEB2005F2518 /* LoginViewController.swift in Sources */,
				0E815CE92626CFE0001FFD11 /* SettingViewController.swift in Sources */,
				C660910A261C4A39005F2518 /* Common.swift in Sources */,
				0E6215FA2626BB6200585932 /* PasswordInitCompleteViewController.swift in Sources */,
				C66090C8261AA4C6005F2518 /* AppDelegate.swift in Sources */,
				C63BCA2D26281413008BDBEE /* Utils.swift in Sources */,
				C66090CA261AA4C6005F2518 /* SceneDelegate.swift in Sources */,
				C632A4F12626826800DA604B /* ShadowButton.swift in Sources */,
				C632A5062626EDF500DA604B /* ChargerUseHistoryCell.swift in Sources */,
				C66090FE261B0398005F2518 /* JoinViewController.swift in Sources */,
				C632A4EA2626702800DA604B /* LeftMenuViewController.swift in Sources */,
				C63BCA3026281717008BDBEE /* AddressViewController.swift in Sources */,
				0E815CF52627E081001FFD11 /* PasswordChangeViewController.swift in Sources */,
				C66090EB261AC706005F2518 /* MainViewController.swift in Sources */,
				0E6215F72626B09800585932 /* PasswordInitViewController.swift in Sources */,
				C63BCA3326283BC0008BDBEE /* ElectronicWalletViewController.swift in Sources */,
				C632A5032626ED1800DA604B /* ChargerUseHistoryViewController.swift in Sources */,
			);
			runOnlyForDeploymentPostprocessing = 0;
		};
/* End PBXSourcesBuildPhase section */

/* Begin PBXVariantGroup section */
		C66090CD261AA4C6005F2518 /* Main.storyboard */ = {
			isa = PBXVariantGroup;
			children = (
				C66090CE261AA4C6005F2518 /* Base */,
			);
			name = Main.storyboard;
			sourceTree = "<group>";
		};
/* End PBXVariantGroup section */

/* Begin XCBuildConfiguration section */
		C66090D6261AA4C7005F2518 /* Debug */ = {
			isa = XCBuildConfiguration;
			buildSettings = {
				ALWAYS_SEARCH_USER_PATHS = NO;
				CLANG_ANALYZER_NONNULL = YES;
				CLANG_ANALYZER_NUMBER_OBJECT_CONVERSION = YES_AGGRESSIVE;
				CLANG_CXX_LANGUAGE_STANDARD = "gnu++14";
				CLANG_CXX_LIBRARY = "libc++";
				CLANG_ENABLE_MODULES = YES;
				CLANG_ENABLE_OBJC_ARC = YES;
				CLANG_ENABLE_OBJC_WEAK = YES;
				CLANG_WARN_BLOCK_CAPTURE_AUTORELEASING = YES;
				CLANG_WARN_BOOL_CONVERSION = YES;
				CLANG_WARN_COMMA = YES;
				CLANG_WARN_CONSTANT_CONVERSION = YES;
				CLANG_WARN_DEPRECATED_OBJC_IMPLEMENTATIONS = YES;
				CLANG_WARN_DIRECT_OBJC_ISA_USAGE = YES_ERROR;
				CLANG_WARN_DOCUMENTATION_COMMENTS = YES;
				CLANG_WARN_EMPTY_BODY = YES;
				CLANG_WARN_ENUM_CONVERSION = YES;
				CLANG_WARN_INFINITE_RECURSION = YES;
				CLANG_WARN_INT_CONVERSION = YES;
				CLANG_WARN_NON_LITERAL_NULL_CONVERSION = YES;
				CLANG_WARN_OBJC_IMPLICIT_RETAIN_SELF = YES;
				CLANG_WARN_OBJC_LITERAL_CONVERSION = YES;
				CLANG_WARN_OBJC_ROOT_CLASS = YES_ERROR;
				CLANG_WARN_QUOTED_INCLUDE_IN_FRAMEWORK_HEADER = YES;
				CLANG_WARN_RANGE_LOOP_ANALYSIS = YES;
				CLANG_WARN_STRICT_PROTOTYPES = YES;
				CLANG_WARN_SUSPICIOUS_MOVE = YES;
				CLANG_WARN_UNGUARDED_AVAILABILITY = YES_AGGRESSIVE;
				CLANG_WARN_UNREACHABLE_CODE = YES;
				CLANG_WARN__DUPLICATE_METHOD_MATCH = YES;
				COPY_PHASE_STRIP = NO;
				DEBUG_INFORMATION_FORMAT = dwarf;
				ENABLE_STRICT_OBJC_MSGSEND = YES;
				ENABLE_TESTABILITY = YES;
				GCC_C_LANGUAGE_STANDARD = gnu11;
				GCC_DYNAMIC_NO_PIC = NO;
				GCC_NO_COMMON_BLOCKS = YES;
				GCC_OPTIMIZATION_LEVEL = 0;
				GCC_PREPROCESSOR_DEFINITIONS = (
					"DEBUG=1",
					"$(inherited)",
				);
				GCC_WARN_64_TO_32_BIT_CONVERSION = YES;
				GCC_WARN_ABOUT_RETURN_TYPE = YES_ERROR;
				GCC_WARN_UNDECLARED_SELECTOR = YES;
				GCC_WARN_UNINITIALIZED_AUTOS = YES_AGGRESSIVE;
				GCC_WARN_UNUSED_FUNCTION = YES;
				GCC_WARN_UNUSED_VARIABLE = YES;
				IPHONEOS_DEPLOYMENT_TARGET = 14.4;
				MTL_ENABLE_DEBUG_INFO = INCLUDE_SOURCE;
				MTL_FAST_MATH = YES;
				ONLY_ACTIVE_ARCH = YES;
				SDKROOT = iphoneos;
				SWIFT_ACTIVE_COMPILATION_CONDITIONS = DEBUG;
				SWIFT_OPTIMIZATION_LEVEL = "-Onone";
			};
			name = Debug;
		};
		C66090D7261AA4C7005F2518 /* Release */ = {
			isa = XCBuildConfiguration;
			buildSettings = {
				ALWAYS_SEARCH_USER_PATHS = NO;
				CLANG_ANALYZER_NONNULL = YES;
				CLANG_ANALYZER_NUMBER_OBJECT_CONVERSION = YES_AGGRESSIVE;
				CLANG_CXX_LANGUAGE_STANDARD = "gnu++14";
				CLANG_CXX_LIBRARY = "libc++";
				CLANG_ENABLE_MODULES = YES;
				CLANG_ENABLE_OBJC_ARC = YES;
				CLANG_ENABLE_OBJC_WEAK = YES;
				CLANG_WARN_BLOCK_CAPTURE_AUTORELEASING = YES;
				CLANG_WARN_BOOL_CONVERSION = YES;
				CLANG_WARN_COMMA = YES;
				CLANG_WARN_CONSTANT_CONVERSION = YES;
				CLANG_WARN_DEPRECATED_OBJC_IMPLEMENTATIONS = YES;
				CLANG_WARN_DIRECT_OBJC_ISA_USAGE = YES_ERROR;
				CLANG_WARN_DOCUMENTATION_COMMENTS = YES;
				CLANG_WARN_EMPTY_BODY = YES;
				CLANG_WARN_ENUM_CONVERSION = YES;
				CLANG_WARN_INFINITE_RECURSION = YES;
				CLANG_WARN_INT_CONVERSION = YES;
				CLANG_WARN_NON_LITERAL_NULL_CONVERSION = YES;
				CLANG_WARN_OBJC_IMPLICIT_RETAIN_SELF = YES;
				CLANG_WARN_OBJC_LITERAL_CONVERSION = YES;
				CLANG_WARN_OBJC_ROOT_CLASS = YES_ERROR;
				CLANG_WARN_QUOTED_INCLUDE_IN_FRAMEWORK_HEADER = YES;
				CLANG_WARN_RANGE_LOOP_ANALYSIS = YES;
				CLANG_WARN_STRICT_PROTOTYPES = YES;
				CLANG_WARN_SUSPICIOUS_MOVE = YES;
				CLANG_WARN_UNGUARDED_AVAILABILITY = YES_AGGRESSIVE;
				CLANG_WARN_UNREACHABLE_CODE = YES;
				CLANG_WARN__DUPLICATE_METHOD_MATCH = YES;
				COPY_PHASE_STRIP = NO;
				DEBUG_INFORMATION_FORMAT = "dwarf-with-dsym";
				ENABLE_NS_ASSERTIONS = NO;
				ENABLE_STRICT_OBJC_MSGSEND = YES;
				GCC_C_LANGUAGE_STANDARD = gnu11;
				GCC_NO_COMMON_BLOCKS = YES;
				GCC_WARN_64_TO_32_BIT_CONVERSION = YES;
				GCC_WARN_ABOUT_RETURN_TYPE = YES_ERROR;
				GCC_WARN_UNDECLARED_SELECTOR = YES;
				GCC_WARN_UNINITIALIZED_AUTOS = YES_AGGRESSIVE;
				GCC_WARN_UNUSED_FUNCTION = YES;
				GCC_WARN_UNUSED_VARIABLE = YES;
				IPHONEOS_DEPLOYMENT_TARGET = 14.4;
				MTL_ENABLE_DEBUG_INFO = NO;
				MTL_FAST_MATH = YES;
				SDKROOT = iphoneos;
				SWIFT_COMPILATION_MODE = wholemodule;
				SWIFT_OPTIMIZATION_LEVEL = "-O";
				VALIDATE_PRODUCT = YES;
			};
			name = Release;
		};
		C66090D9261AA4C7005F2518 /* Debug */ = {
			isa = XCBuildConfiguration;
			baseConfigurationReference = 7FC2E17495C0C5FF867297F2 /* Pods-SharingCharger_V2.debug.xcconfig */;
			buildSettings = {
				ASSETCATALOG_COMPILER_APPICON_NAME = AppIcon;
				ASSETCATALOG_COMPILER_GLOBAL_ACCENT_COLOR_NAME = "";
				ASSETCATALOG_COMPILER_LAUNCHIMAGE_NAME = LaunchImage;
				CLANG_ENABLE_OBJC_ARC = NO;
				CODE_SIGN_STYLE = Automatic;
				CURRENT_PROJECT_VERSION = 1.0;
				DEVELOPMENT_TEAM = SW97KU77ZP;
				FRAMEWORK_SEARCH_PATHS = (
					"$(inherited)",
					"$(PROJECT_DIR)/SharingCharger_V2/Library/DaumMap.embeddedframework",
				);
				INFOPLIST_FILE = SharingCharger_V2/Info.plist;
				LD_RUNPATH_SEARCH_PATHS = (
					"$(inherited)",
					"@executable_path/Frameworks",
				);
				MARKETING_VERSION = 1.0;
				PRODUCT_BUNDLE_IDENTIFIER = "kr.co.metisinfo.SharingCharger-V2";
				PRODUCT_NAME = "$(TARGET_NAME)";
				SWIFT_OBJC_BRIDGING_HEADER = SharingCharger_V2/KakaoMapBridgingHeader.h;
				SWIFT_VERSION = 5.0;
				TARGETED_DEVICE_FAMILY = 1;
			};
			name = Debug;
		};
		C66090DA261AA4C7005F2518 /* Release */ = {
			isa = XCBuildConfiguration;
			baseConfigurationReference = 36DE4A3996AC4846ED649C69 /* Pods-SharingCharger_V2.release.xcconfig */;
			buildSettings = {
				ASSETCATALOG_COMPILER_APPICON_NAME = AppIcon;
				ASSETCATALOG_COMPILER_GLOBAL_ACCENT_COLOR_NAME = "";
				ASSETCATALOG_COMPILER_LAUNCHIMAGE_NAME = LaunchImage;
				CLANG_ENABLE_OBJC_ARC = NO;
				CODE_SIGN_STYLE = Automatic;
				CURRENT_PROJECT_VERSION = 1.0;
				DEVELOPMENT_TEAM = SW97KU77ZP;
				FRAMEWORK_SEARCH_PATHS = (
					"$(inherited)",
					"$(PROJECT_DIR)/SharingCharger_V2/Library/DaumMap.embeddedframework",
				);
				INFOPLIST_FILE = SharingCharger_V2/Info.plist;
				LD_RUNPATH_SEARCH_PATHS = (
					"$(inherited)",
					"@executable_path/Frameworks",
				);
				MARKETING_VERSION = 1.0;
				PRODUCT_BUNDLE_IDENTIFIER = "kr.co.metisinfo.SharingCharger-V2";
				PRODUCT_NAME = "$(TARGET_NAME)";
				SWIFT_OBJC_BRIDGING_HEADER = SharingCharger_V2/KakaoMapBridgingHeader.h;
				SWIFT_VERSION = 5.0;
				TARGETED_DEVICE_FAMILY = 1;
			};
			name = Release;
		};
/* End XCBuildConfiguration section */

/* Begin XCConfigurationList section */
		C66090BF261AA4C6005F2518 /* Build configuration list for PBXProject "SharingCharger_V2" */ = {
			isa = XCConfigurationList;
			buildConfigurations = (
				C66090D6261AA4C7005F2518 /* Debug */,
				C66090D7261AA4C7005F2518 /* Release */,
			);
			defaultConfigurationIsVisible = 0;
			defaultConfigurationName = Release;
		};
		C66090D8261AA4C7005F2518 /* Build configuration list for PBXNativeTarget "SharingCharger_V2" */ = {
			isa = XCConfigurationList;
			buildConfigurations = (
				C66090D9261AA4C7005F2518 /* Debug */,
				C66090DA261AA4C7005F2518 /* Release */,
			);
			defaultConfigurationIsVisible = 0;
			defaultConfigurationName = Release;
		};
/* End XCConfigurationList section */
	};
	rootObject = C66090BC261AA4C6005F2518 /* Project object */;
}
